
Microsoft Visual Studio Solution File, Format Version 12.00
# Visual Studio 14
VisualStudioVersion = 14.0.25420.1
MinimumVisualStudioVersion = 10.0.40219.1
Project("{FAE04EC0-301F-11D3-BF4B-00C04F79EFBC}") = "PAO", "2.Code\Platform\PAO\PAO.csproj", "{13199EE0-1738-4E3A-A970-3771EB9D4D0E}"
EndProject
Project("{2150E333-8FDC-42A3-9474-1A3956D46DE8}") = "0.需求", "0.需求", "{146EA030-4806-42EE-904C-8ED3DC08F1ED}"
EndProject
Project("{2150E333-8FDC-42A3-9474-1A3956D46DE8}") = "1.设计", "1.设计", "{A861CF58-4F75-41C2-B872-AE451D69B739}"
EndProject
Project("{2150E333-8FDC-42A3-9474-1A3956D46DE8}") = "2.代码", "2.代码", "{943CEB22-D3FE-42E1-9C2B-26551E1A4DC3}"
EndProject
Project("{2150E333-8FDC-42A3-9474-1A3956D46DE8}") = "3.测试", "3.测试", "{BF37856D-8BF3-43F0-927D-051C4738BEF0}"
EndProject
Project("{2150E333-8FDC-42A3-9474-1A3956D46DE8}") = "4.项目", "4.项目", "{AB258F19-8A4F-4C84-9EBC-728A78D12A9C}"
EndProject
Project("{2150E333-8FDC-42A3-9474-1A3956D46DE8}") = "5.发行", "5.发行", "{93208A83-04F9-411A-87A6-331A8EA988C6}"
EndProject
Project("{2150E333-8FDC-42A3-9474-1A3956D46DE8}") = "6.库存", "6.库存", "{5DE5579E-81AF-4EFD-B5D7-BD65046F272C}"
EndProject
Project("{2150E333-8FDC-42A3-9474-1A3956D46DE8}") = "平台", "平台", "{43B24246-03C7-474A-99AD-A5876EA5F86B}"
EndProject
Project("{2150E333-8FDC-42A3-9474-1A3956D46DE8}") = "7.工具", "7.工具", "{F9928C92-2191-446A-A8BB-5FABB1A4377C}"
EndProject
Project("{2150E333-8FDC-42A3-9474-1A3956D46DE8}") = "Snippets", "Snippets", "{EEFF42F5-6CF8-4292-B3BC-F5252739E5CD}"
	ProjectSection(SolutionItems) = preProject
		7.Tools\Snippets\clsstatic.snippet = 7.Tools\Snippets\clsstatic.snippet
		7.Tools\Snippets\enum.snippet = 7.Tools\Snippets\enum.snippet
		7.Tools\Snippets\itf.snippet = 7.Tools\Snippets\itf.snippet
		7.Tools\Snippets\paoobj.snippet = 7.Tools\Snippets\paoobj.snippet
		7.Tools\Snippets\paoprop.snippet = 7.Tools\Snippets\paoprop.snippet
	EndProjectSection
EndProject
Project("{2150E333-8FDC-42A3-9474-1A3956D46DE8}") = "ProjectTemplates", "ProjectTemplates", "{8C94D51E-7D42-43DF-A971-9C5309105E10}"
EndProject
Project("{2150E333-8FDC-42A3-9474-1A3956D46DE8}") = "ItemTemplates", "ItemTemplates", "{BE758653-0B1B-4B20-BD76-918EF9819A34}"
EndProject
Project("{FAE04EC0-301F-11D3-BF4B-00C04F79EFBC}") = "PAO.RemoteOperationClient", "5.Release\PAO.RemoteOperationClient\PAO.RemoteOperationClient.csproj", "{6C721543-E3D8-4FBB-900F-280902911CF8}"
EndProject
Project("{FAE04EC0-301F-11D3-BF4B-00C04F79EFBC}") = "PAO.RemoteOperationWeb", "5.Release\PAO.RemoteOperationWeb\PAO.RemoteOperationWeb.csproj", "{2F6DDD4A-9656-451E-8943-BF1F45F5F025}"
EndProject
Project("{F088123C-0E9E-452A-89E6-6BA2F21D5CAC}") = "PAODesign", "1.Design\PAODesign\PAODesign.modelproj", "{09213557-006D-4411-9CFB-6D7E590DB7B0}"
EndProject
Project("{FAE04EC0-301F-11D3-BF4B-00C04F79EFBC}") = "TestLibrary", "3.Test\TestLibrary\TestLibrary.csproj", "{80DBFCBD-700C-4846-8E31-08DCAC372B6C}"
EndProject
Project("{FAE04EC0-301F-11D3-BF4B-00C04F79EFBC}") = "WebTest", "3.Test\WebTest\WebTest.csproj", "{B808EEC4-0A0E-494F-8241-201DA71DBF21}"
EndProject
Project("{FAE04EC0-301F-11D3-BF4B-00C04F79EFBC}") = "WPFTest", "3.Test\WPFTest\WPFTest.csproj", "{9AD3847F-237B-428B-ACDD-30018E24FE20}"
EndProject
Project("{FAE04EC0-301F-11D3-BF4B-00C04F79EFBC}") = "PAO.UI.WinForm", "2.Code\Platform\PAO.UI.WinForm\PAO.UI.WinForm.csproj", "{49BD4858-22C7-431E-A0AC-638A182FD35E}"
EndProject
Project("{FAE04EC0-301F-11D3-BF4B-00C04F79EFBC}") = "PAO.Config", "2.Code\Platform\PAO.Config\PAO.Config.csproj", "{A0F88184-CB49-4C7D-A56B-AE323FDB67BA}"
EndProject
Project("{FAE04EC0-301F-11D3-BF4B-00C04F79EFBC}") = "PAO.UI.WPF", "2.Code\Platform\PAO.UI.WPF\PAO.UI.WPF.csproj", "{AD7BE02B-CDD6-4482-9ED1-62BC59B7023E}"
EndProject
Project("{FAE04EC0-301F-11D3-BF4B-00C04F79EFBC}") = "WinFormTest", "3.Test\WinFormTest\WinFormTest.csproj", "{6B03CA87-3740-44DE-85CC-904F2C22ADBD}"
EndProject
Project("{FAE04EC0-301F-11D3-BF4B-00C04F79EFBC}") = "SeverTest", "3.Test\SeverTest\SeverTest.csproj", "{DB15DDC0-18DA-4589-872A-8C11C9EE734F}"
EndProject
Project("{2150E333-8FDC-42A3-9474-1A3956D46DE8}") = "应用", "应用", "{A1D5971B-2B01-484F-B81A-1CE421BE5520}"
EndProject
Project("{FAE04EC0-301F-11D3-BF4B-00C04F79EFBC}") = "PAO.App", "2.Code\Platform\PAO.App\PAO.App.csproj", "{64FDC3F2-2C3E-4925-BBD4-E0AFA5CD6161}"
EndProject
Project("{FAE04EC0-301F-11D3-BF4B-00C04F79EFBC}") = "PAO.Configuration", "5.Release\PAO.Configuration\PAO.Configuration.csproj", "{A05410DE-3215-400D-B6FB-AEBF78F513D6}"
EndProject
Project("{FAE04EC0-301F-11D3-BF4B-00C04F79EFBC}") = "PAO.App.Server", "2.Code\Platform\PAO.App.Server\PAO.App.Server.csproj", "{D0D990C1-0692-4EAE-AB54-5E890B931FC5}"
EndProject
Project("{FAE04EC0-301F-11D3-BF4B-00C04F79EFBC}") = "PAO.Server", "5.Release\PAO.Server\PAO.Server.csproj", "{677AB660-53E5-4309-AD0A-E770D4CC100E}"
EndProject
Project("{FAE04EC0-301F-11D3-BF4B-00C04F79EFBC}") = "PAO.Report", "2.Code\Platform\PAO.Report\PAO.Report.csproj", "{B566EFE7-8823-429E-8C37-756E2527065E}"
EndProject
Global
	GlobalSection(SolutionConfigurationPlatforms) = preSolution
		Debug|Any CPU = Debug|Any CPU
		Release|Any CPU = Release|Any CPU
	EndGlobalSection
	GlobalSection(ProjectConfigurationPlatforms) = postSolution
		{13199EE0-1738-4E3A-A970-3771EB9D4D0E}.Debug|Any CPU.ActiveCfg = Debug|Any CPU
		{13199EE0-1738-4E3A-A970-3771EB9D4D0E}.Debug|Any CPU.Build.0 = Debug|Any CPU
		{13199EE0-1738-4E3A-A970-3771EB9D4D0E}.Release|Any CPU.ActiveCfg = Release|Any CPU
		{13199EE0-1738-4E3A-A970-3771EB9D4D0E}.Release|Any CPU.Build.0 = Release|Any CPU
		{6C721543-E3D8-4FBB-900F-280902911CF8}.Debug|Any CPU.ActiveCfg = Debug|Any CPU
		{6C721543-E3D8-4FBB-900F-280902911CF8}.Debug|Any CPU.Build.0 = Debug|Any CPU
		{6C721543-E3D8-4FBB-900F-280902911CF8}.Release|Any CPU.ActiveCfg = Release|Any CPU
		{6C721543-E3D8-4FBB-900F-280902911CF8}.Release|Any CPU.Build.0 = Release|Any CPU
		{2F6DDD4A-9656-451E-8943-BF1F45F5F025}.Debug|Any CPU.ActiveCfg = Debug|Any CPU
		{2F6DDD4A-9656-451E-8943-BF1F45F5F025}.Debug|Any CPU.Build.0 = Debug|Any CPU
		{2F6DDD4A-9656-451E-8943-BF1F45F5F025}.Release|Any CPU.ActiveCfg = Release|Any CPU
		{2F6DDD4A-9656-451E-8943-BF1F45F5F025}.Release|Any CPU.Build.0 = Release|Any CPU
		{09213557-006D-4411-9CFB-6D7E590DB7B0}.Debug|Any CPU.ActiveCfg = Debug|Any CPU
		{09213557-006D-4411-9CFB-6D7E590DB7B0}.Debug|Any CPU.Build.0 = Debug|Any CPU
		{09213557-006D-4411-9CFB-6D7E590DB7B0}.Release|Any CPU.ActiveCfg = Release|Any CPU
		{09213557-006D-4411-9CFB-6D7E590DB7B0}.Release|Any CPU.Build.0 = Release|Any CPU
		{80DBFCBD-700C-4846-8E31-08DCAC372B6C}.Debug|Any CPU.ActiveCfg = Debug|Any CPU
		{80DBFCBD-700C-4846-8E31-08DCAC372B6C}.Debug|Any CPU.Build.0 = Debug|Any CPU
		{80DBFCBD-700C-4846-8E31-08DCAC372B6C}.Release|Any CPU.ActiveCfg = Release|Any CPU
		{80DBFCBD-700C-4846-8E31-08DCAC372B6C}.Release|Any CPU.Build.0 = Release|Any CPU
		{B808EEC4-0A0E-494F-8241-201DA71DBF21}.Debug|Any CPU.ActiveCfg = Debug|Any CPU
		{B808EEC4-0A0E-494F-8241-201DA71DBF21}.Debug|Any CPU.Build.0 = Debug|Any CPU
		{B808EEC4-0A0E-494F-8241-201DA71DBF21}.Release|Any CPU.ActiveCfg = Release|Any CPU
		{B808EEC4-0A0E-494F-8241-201DA71DBF21}.Release|Any CPU.Build.0 = Release|Any CPU
		{9AD3847F-237B-428B-ACDD-30018E24FE20}.Debug|Any CPU.ActiveCfg = Debug|Any CPU
		{9AD3847F-237B-428B-ACDD-30018E24FE20}.Debug|Any CPU.Build.0 = Debug|Any CPU
		{9AD3847F-237B-428B-ACDD-30018E24FE20}.Release|Any CPU.ActiveCfg = Release|Any CPU
		{9AD3847F-237B-428B-ACDD-30018E24FE20}.Release|Any CPU.Build.0 = Release|Any CPU
		{49BD4858-22C7-431E-A0AC-638A182FD35E}.Debug|Any CPU.ActiveCfg = Debug|Any CPU
		{49BD4858-22C7-431E-A0AC-638A182FD35E}.Debug|Any CPU.Build.0 = Debug|Any CPU
		{49BD4858-22C7-431E-A0AC-638A182FD35E}.Release|Any CPU.ActiveCfg = Release|Any CPU
		{49BD4858-22C7-431E-A0AC-638A182FD35E}.Release|Any CPU.Build.0 = Release|Any CPU
		{A0F88184-CB49-4C7D-A56B-AE323FDB67BA}.Debug|Any CPU.ActiveCfg = Debug|Any CPU
		{A0F88184-CB49-4C7D-A56B-AE323FDB67BA}.Debug|Any CPU.Build.0 = Debug|Any CPU
		{A0F88184-CB49-4C7D-A56B-AE323FDB67BA}.Release|Any CPU.ActiveCfg = Release|Any CPU
		{A0F88184-CB49-4C7D-A56B-AE323FDB67BA}.Release|Any CPU.Build.0 = Release|Any CPU
		{AD7BE02B-CDD6-4482-9ED1-62BC59B7023E}.Debug|Any CPU.ActiveCfg = Debug|Any CPU
		{AD7BE02B-CDD6-4482-9ED1-62BC59B7023E}.Debug|Any CPU.Build.0 = Debug|Any CPU
		{AD7BE02B-CDD6-4482-9ED1-62BC59B7023E}.Release|Any CPU.ActiveCfg = Release|Any CPU
		{AD7BE02B-CDD6-4482-9ED1-62BC59B7023E}.Release|Any CPU.Build.0 = Release|Any CPU
		{6B03CA87-3740-44DE-85CC-904F2C22ADBD}.Debug|Any CPU.ActiveCfg = Debug|Any CPU
		{6B03CA87-3740-44DE-85CC-904F2C22ADBD}.Debug|Any CPU.Build.0 = Debug|Any CPU
		{6B03CA87-3740-44DE-85CC-904F2C22ADBD}.Release|Any CPU.ActiveCfg = Release|Any CPU
		{6B03CA87-3740-44DE-85CC-904F2C22ADBD}.Release|Any CPU.Build.0 = Release|Any CPU
		{DB15DDC0-18DA-4589-872A-8C11C9EE734F}.Debug|Any CPU.ActiveCfg = Debug|Any CPU
		{DB15DDC0-18DA-4589-872A-8C11C9EE734F}.Debug|Any CPU.Build.0 = Debug|Any CPU
		{DB15DDC0-18DA-4589-872A-8C11C9EE734F}.Release|Any CPU.ActiveCfg = Release|Any CPU
		{DB15DDC0-18DA-4589-872A-8C11C9EE734F}.Release|Any CPU.Build.0 = Release|Any CPU
		{64FDC3F2-2C3E-4925-BBD4-E0AFA5CD6161}.Debug|Any CPU.ActiveCfg = Debug|Any CPU
		{64FDC3F2-2C3E-4925-BBD4-E0AFA5CD6161}.Debug|Any CPU.Build.0 = Debug|Any CPU
		{64FDC3F2-2C3E-4925-BBD4-E0AFA5CD6161}.Release|Any CPU.ActiveCfg = Release|Any CPU
		{64FDC3F2-2C3E-4925-BBD4-E0AFA5CD6161}.Release|Any CPU.Build.0 = Release|Any CPU
		{A05410DE-3215-400D-B6FB-AEBF78F513D6}.Debug|Any CPU.ActiveCfg = Debug|Any CPU
		{A05410DE-3215-400D-B6FB-AEBF78F513D6}.Debug|Any CPU.Build.0 = Debug|Any CPU
		{A05410DE-3215-400D-B6FB-AEBF78F513D6}.Release|Any CPU.ActiveCfg = Release|Any CPU
		{A05410DE-3215-400D-B6FB-AEBF78F513D6}.Release|Any CPU.Build.0 = Release|Any CPU
		{D0D990C1-0692-4EAE-AB54-5E890B931FC5}.Debug|Any CPU.ActiveCfg = Debug|Any CPU
		{D0D990C1-0692-4EAE-AB54-5E890B931FC5}.Debug|Any CPU.Build.0 = Debug|Any CPU
		{D0D990C1-0692-4EAE-AB54-5E890B931FC5}.Release|Any CPU.ActiveCfg = Release|Any CPU
		{D0D990C1-0692-4EAE-AB54-5E890B931FC5}.Release|Any CPU.Build.0 = Release|Any CPU
		{677AB660-53E5-4309-AD0A-E770D4CC100E}.Debug|Any CPU.ActiveCfg = Debug|Any CPU
		{677AB660-53E5-4309-AD0A-E770D4CC100E}.Debug|Any CPU.Build.0 = Debug|Any CPU
		{677AB660-53E5-4309-AD0A-E770D4CC100E}.Release|Any CPU.ActiveCfg = Release|Any CPU
		{677AB660-53E5-4309-AD0A-E770D4CC100E}.Release|Any CPU.Build.0 = Release|Any CPU
		{B566EFE7-8823-429E-8C37-756E2527065E}.Debug|Any CPU.ActiveCfg = Debug|Any CPU
		{B566EFE7-8823-429E-8C37-756E2527065E}.Debug|Any CPU.Build.0 = Debug|Any CPU
		{B566EFE7-8823-429E-8C37-756E2527065E}.Release|Any CPU.ActiveCfg = Release|Any CPU
		{B566EFE7-8823-429E-8C37-756E2527065E}.Release|Any CPU.Build.0 = Release|Any CPU
	EndGlobalSection
	GlobalSection(SolutionProperties) = preSolution
		HideSolutionNode = FALSE
	EndGlobalSection
	GlobalSection(NestedProjects) = preSolution
		{13199EE0-1738-4E3A-A970-3771EB9D4D0E} = {43B24246-03C7-474A-99AD-A5876EA5F86B}
		{43B24246-03C7-474A-99AD-A5876EA5F86B} = {943CEB22-D3FE-42E1-9C2B-26551E1A4DC3}
		{EEFF42F5-6CF8-4292-B3BC-F5252739E5CD} = {F9928C92-2191-446A-A8BB-5FABB1A4377C}
		{8C94D51E-7D42-43DF-A971-9C5309105E10} = {F9928C92-2191-446A-A8BB-5FABB1A4377C}
		{BE758653-0B1B-4B20-BD76-918EF9819A34} = {F9928C92-2191-446A-A8BB-5FABB1A4377C}
		{6C721543-E3D8-4FBB-900F-280902911CF8} = {93208A83-04F9-411A-87A6-331A8EA988C6}
		{2F6DDD4A-9656-451E-8943-BF1F45F5F025} = {93208A83-04F9-411A-87A6-331A8EA988C6}
		{09213557-006D-4411-9CFB-6D7E590DB7B0} = {A861CF58-4F75-41C2-B872-AE451D69B739}
		{80DBFCBD-700C-4846-8E31-08DCAC372B6C} = {BF37856D-8BF3-43F0-927D-051C4738BEF0}
		{B808EEC4-0A0E-494F-8241-201DA71DBF21} = {BF37856D-8BF3-43F0-927D-051C4738BEF0}
		{9AD3847F-237B-428B-ACDD-30018E24FE20} = {BF37856D-8BF3-43F0-927D-051C4738BEF0}
		{49BD4858-22C7-431E-A0AC-638A182FD35E} = {43B24246-03C7-474A-99AD-A5876EA5F86B}
		{A0F88184-CB49-4C7D-A56B-AE323FDB67BA} = {43B24246-03C7-474A-99AD-A5876EA5F86B}
		{AD7BE02B-CDD6-4482-9ED1-62BC59B7023E} = {43B24246-03C7-474A-99AD-A5876EA5F86B}
		{6B03CA87-3740-44DE-85CC-904F2C22ADBD} = {BF37856D-8BF3-43F0-927D-051C4738BEF0}
		{DB15DDC0-18DA-4589-872A-8C11C9EE734F} = {BF37856D-8BF3-43F0-927D-051C4738BEF0}
		{A1D5971B-2B01-484F-B81A-1CE421BE5520} = {943CEB22-D3FE-42E1-9C2B-26551E1A4DC3}
		{64FDC3F2-2C3E-4925-BBD4-E0AFA5CD6161} = {43B24246-03C7-474A-99AD-A5876EA5F86B}
		{A05410DE-3215-400D-B6FB-AEBF78F513D6} = {93208A83-04F9-411A-87A6-331A8EA988C6}
		{D0D990C1-0692-4EAE-AB54-5E890B931FC5} = {43B24246-03C7-474A-99AD-A5876EA5F86B}
		{677AB660-53E5-4309-AD0A-E770D4CC100E} = {93208A83-04F9-411A-87A6-331A8EA988C6}
		{B566EFE7-8823-429E-8C37-756E2527065E} = {43B24246-03C7-474A-99AD-A5876EA5F86B}
	EndGlobalSection
EndGlobal
