
Microsoft Visual Studio Solution File, Format Version 12.00
# Visual Studio 14
VisualStudioVersion = 14.0.25420.1
MinimumVisualStudioVersion = 10.0.40219.1
Project("{FAE04EC0-301F-11D3-BF4B-00C04F79EFBC}") = "PAO", "2.Code\Platform\PAO\PAO.csproj", "{13199EE0-1738-4E3A-A970-3771EB9D4D0E}"
EndProject
Project("{2150E333-8FDC-42A3-9474-1A3956D46DE8}") = "0.需求", "0.需求", "{146EA030-4806-42EE-904C-8ED3DC08F1ED}"
EndProject
Project("{2150E333-8FDC-42A3-9474-1A3956D46DE8}") = "1.设计", "1.设计", "{A861CF58-4F75-41C2-B872-AE451D69B739}"
EndProject
Project("{2150E333-8FDC-42A3-9474-1A3956D46DE8}") = "2.代码", "2.代码", "{943CEB22-D3FE-42E1-9C2B-26551E1A4DC3}"
EndProject
Project("{2150E333-8FDC-42A3-9474-1A3956D46DE8}") = "3.测试", "3.测试", "{BF37856D-8BF3-43F0-927D-051C4738BEF0}"
EndProject
Project("{2150E333-8FDC-42A3-9474-1A3956D46DE8}") = "4.项目", "4.项目", "{AB258F19-8A4F-4C84-9EBC-728A78D12A9C}"
	ProjectSection(SolutionItems) = preProject
		4.Project\工作任务清单.xlsx = 4.Project\工作任务清单.xlsx
	EndProjectSection
EndProject
Project("{2150E333-8FDC-42A3-9474-1A3956D46DE8}") = "5.发行", "5.发行", "{93208A83-04F9-411A-87A6-331A8EA988C6}"
EndProject
Project("{2150E333-8FDC-42A3-9474-1A3956D46DE8}") = "6.库存", "6.库存", "{5DE5579E-81AF-4EFD-B5D7-BD65046F272C}"
EndProject
Project("{2150E333-8FDC-42A3-9474-1A3956D46DE8}") = "平台", "平台", "{43B24246-03C7-474A-99AD-A5876EA5F86B}"
EndProject
Project("{2150E333-8FDC-42A3-9474-1A3956D46DE8}") = "7.工具", "7.工具", "{F9928C92-2191-446A-A8BB-5FABB1A4377C}"
EndProject
Project("{2150E333-8FDC-42A3-9474-1A3956D46DE8}") = "Snippets", "Snippets", "{EEFF42F5-6CF8-4292-B3BC-F5252739E5CD}"
	ProjectSection(SolutionItems) = preProject
		7.Tools\Snippets\clsstatic.snippet = 7.Tools\Snippets\clsstatic.snippet
		7.Tools\Snippets\enum.snippet = 7.Tools\Snippets\enum.snippet
		7.Tools\Snippets\itf.snippet = 7.Tools\Snippets\itf.snippet
		7.Tools\Snippets\paoobj.snippet = 7.Tools\Snippets\paoobj.snippet
		7.Tools\Snippets\paoprop.snippet = 7.Tools\Snippets\paoprop.snippet
	EndProjectSection
EndProject
Project("{2150E333-8FDC-42A3-9474-1A3956D46DE8}") = "ProjectTemplates", "ProjectTemplates", "{8C94D51E-7D42-43DF-A971-9C5309105E10}"
EndProject
Project("{2150E333-8FDC-42A3-9474-1A3956D46DE8}") = "ItemTemplates", "ItemTemplates", "{BE758653-0B1B-4B20-BD76-918EF9819A34}"
EndProject
Project("{FAE04EC0-301F-11D3-BF4B-00C04F79EFBC}") = "PAO.App", "2.Code\Platform\PAO.App\PAO.App.csproj", "{A4591DB5-DA1C-4226-8FF0-086A53EA3CD5}"
EndProject
Project("{FAE04EC0-301F-11D3-BF4B-00C04F79EFBC}") = "PAO.RemoteOperationClient", "5.Release\PAO.RemoteOperationClient\PAO.RemoteOperationClient.csproj", "{6C721543-E3D8-4FBB-900F-280902911CF8}"
EndProject
Project("{FAE04EC0-301F-11D3-BF4B-00C04F79EFBC}") = "PAO.RemoteOperationWeb", "5.Release\PAO.RemoteOperationWeb\PAO.RemoteOperationWeb.csproj", "{2F6DDD4A-9656-451E-8943-BF1F45F5F025}"
EndProject
Project("{F088123C-0E9E-452A-89E6-6BA2F21D5CAC}") = "PAODesign", "1.Design\PAODesign\PAODesign.modelproj", "{09213557-006D-4411-9CFB-6D7E590DB7B0}"
EndProject
Project("{FAE04EC0-301F-11D3-BF4B-00C04F79EFBC}") = "TestLibrary", "3.Test\TestLibrary\TestLibrary.csproj", "{80DBFCBD-700C-4846-8E31-08DCAC372B6C}"
EndProject
Project("{FAE04EC0-301F-11D3-BF4B-00C04F79EFBC}") = "WebTest", "3.Test\WebTest\WebTest.csproj", "{B808EEC4-0A0E-494F-8241-201DA71DBF21}"
EndProject
Project("{FAE04EC0-301F-11D3-BF4B-00C04F79EFBC}") = "WPFTest", "3.Test\WPFTest\WPFTest.csproj", "{9AD3847F-237B-428B-ACDD-30018E24FE20}"
EndProject
Global
	GlobalSection(SolutionConfigurationPlatforms) = preSolution
		Debug|Any CPU = Debug|Any CPU
		Release|Any CPU = Release|Any CPU
	EndGlobalSection
	GlobalSection(ProjectConfigurationPlatforms) = postSolution
		{13199EE0-1738-4E3A-A970-3771EB9D4D0E}.Debug|Any CPU.ActiveCfg = Debug|Any CPU
		{13199EE0-1738-4E3A-A970-3771EB9D4D0E}.Debug|Any CPU.Build.0 = Debug|Any CPU
		{13199EE0-1738-4E3A-A970-3771EB9D4D0E}.Release|Any CPU.ActiveCfg = Release|Any CPU
		{13199EE0-1738-4E3A-A970-3771EB9D4D0E}.Release|Any CPU.Build.0 = Release|Any CPU
		{A4591DB5-DA1C-4226-8FF0-086A53EA3CD5}.Debug|Any CPU.ActiveCfg = Debug|Any CPU
		{A4591DB5-DA1C-4226-8FF0-086A53EA3CD5}.Debug|Any CPU.Build.0 = Debug|Any CPU
		{A4591DB5-DA1C-4226-8FF0-086A53EA3CD5}.Release|Any CPU.ActiveCfg = Release|Any CPU
		{A4591DB5-DA1C-4226-8FF0-086A53EA3CD5}.Release|Any CPU.Build.0 = Release|Any CPU
		{6C721543-E3D8-4FBB-900F-280902911CF8}.Debug|Any CPU.ActiveCfg = Debug|Any CPU
		{6C721543-E3D8-4FBB-900F-280902911CF8}.Debug|Any CPU.Build.0 = Debug|Any CPU
		{6C721543-E3D8-4FBB-900F-280902911CF8}.Release|Any CPU.ActiveCfg = Release|Any CPU
		{6C721543-E3D8-4FBB-900F-280902911CF8}.Release|Any CPU.Build.0 = Release|Any CPU
		{2F6DDD4A-9656-451E-8943-BF1F45F5F025}.Debug|Any CPU.ActiveCfg = Debug|Any CPU
		{2F6DDD4A-9656-451E-8943-BF1F45F5F025}.Debug|Any CPU.Build.0 = Debug|Any CPU
		{2F6DDD4A-9656-451E-8943-BF1F45F5F025}.Release|Any CPU.ActiveCfg = Release|Any CPU
		{2F6DDD4A-9656-451E-8943-BF1F45F5F025}.Release|Any CPU.Build.0 = Release|Any CPU
		{09213557-006D-4411-9CFB-6D7E590DB7B0}.Debug|Any CPU.ActiveCfg = Debug|Any CPU
		{09213557-006D-4411-9CFB-6D7E590DB7B0}.Debug|Any CPU.Build.0 = Debug|Any CPU
		{09213557-006D-4411-9CFB-6D7E590DB7B0}.Release|Any CPU.ActiveCfg = Release|Any CPU
		{09213557-006D-4411-9CFB-6D7E590DB7B0}.Release|Any CPU.Build.0 = Release|Any CPU
		{80DBFCBD-700C-4846-8E31-08DCAC372B6C}.Debug|Any CPU.ActiveCfg = Debug|Any CPU
		{80DBFCBD-700C-4846-8E31-08DCAC372B6C}.Debug|Any CPU.Build.0 = Debug|Any CPU
		{80DBFCBD-700C-4846-8E31-08DCAC372B6C}.Release|Any CPU.ActiveCfg = Release|Any CPU
		{80DBFCBD-700C-4846-8E31-08DCAC372B6C}.Release|Any CPU.Build.0 = Release|Any CPU
		{B808EEC4-0A0E-494F-8241-201DA71DBF21}.Debug|Any CPU.ActiveCfg = Debug|Any CPU
		{B808EEC4-0A0E-494F-8241-201DA71DBF21}.Debug|Any CPU.Build.0 = Debug|Any CPU
		{B808EEC4-0A0E-494F-8241-201DA71DBF21}.Release|Any CPU.ActiveCfg = Release|Any CPU
		{B808EEC4-0A0E-494F-8241-201DA71DBF21}.Release|Any CPU.Build.0 = Release|Any CPU
		{9AD3847F-237B-428B-ACDD-30018E24FE20}.Debug|Any CPU.ActiveCfg = Debug|Any CPU
		{9AD3847F-237B-428B-ACDD-30018E24FE20}.Debug|Any CPU.Build.0 = Debug|Any CPU
		{9AD3847F-237B-428B-ACDD-30018E24FE20}.Release|Any CPU.ActiveCfg = Release|Any CPU
		{9AD3847F-237B-428B-ACDD-30018E24FE20}.Release|Any CPU.Build.0 = Release|Any CPU
	EndGlobalSection
	GlobalSection(SolutionProperties) = preSolution
		HideSolutionNode = FALSE
	EndGlobalSection
	GlobalSection(NestedProjects) = preSolution
		{13199EE0-1738-4E3A-A970-3771EB9D4D0E} = {43B24246-03C7-474A-99AD-A5876EA5F86B}
		{43B24246-03C7-474A-99AD-A5876EA5F86B} = {943CEB22-D3FE-42E1-9C2B-26551E1A4DC3}
		{EEFF42F5-6CF8-4292-B3BC-F5252739E5CD} = {F9928C92-2191-446A-A8BB-5FABB1A4377C}
		{8C94D51E-7D42-43DF-A971-9C5309105E10} = {F9928C92-2191-446A-A8BB-5FABB1A4377C}
		{BE758653-0B1B-4B20-BD76-918EF9819A34} = {F9928C92-2191-446A-A8BB-5FABB1A4377C}
		{A4591DB5-DA1C-4226-8FF0-086A53EA3CD5} = {43B24246-03C7-474A-99AD-A5876EA5F86B}
		{6C721543-E3D8-4FBB-900F-280902911CF8} = {93208A83-04F9-411A-87A6-331A8EA988C6}
		{2F6DDD4A-9656-451E-8943-BF1F45F5F025} = {93208A83-04F9-411A-87A6-331A8EA988C6}
		{09213557-006D-4411-9CFB-6D7E590DB7B0} = {A861CF58-4F75-41C2-B872-AE451D69B739}
		{80DBFCBD-700C-4846-8E31-08DCAC372B6C} = {BF37856D-8BF3-43F0-927D-051C4738BEF0}
		{B808EEC4-0A0E-494F-8241-201DA71DBF21} = {BF37856D-8BF3-43F0-927D-051C4738BEF0}
		{9AD3847F-237B-428B-ACDD-30018E24FE20} = {BF37856D-8BF3-43F0-927D-051C4738BEF0}
	EndGlobalSection
EndGlobal
